
Microsoft Visual Studio Solution File, Format Version 12.00
# Visual Studio Version 17
VisualStudioVersion = 17.0.31903.59
MinimumVisualStudioVersion = 10.0.40219.1
Project("{9A19103F-16F7-4668-BE54-9A1E7A4F7556}") = "NCA.Tracks.Domain", "NCA.Tracks\NCA.Tracks.Domain\NCA.Tracks.Domain.csproj", "{A2CEF07A-7A28-43A3-A9FB-FB6DDDEFEC96}"
EndProject
Project("{9A19103F-16F7-4668-BE54-9A1E7A4F7556}") = "NCA.Tracks.Infrastructure", "NCA.Tracks\NCA.Tracks.Infrastructure\NCA.Tracks.Infrastructure.csproj", "{F042825C-95AD-49DC-AE74-92D723EA4B53}"
EndProject
Project("{9A19103F-16F7-4668-BE54-9A1E7A4F7556}") = "NCA.Tracks.Application", "NCA.Tracks\NCA.Tracks.Application\NCA.Tracks.Application.csproj", "{C1217109-CE82-4729-A759-D220ACE2C5E8}"
EndProject
Project("{9A19103F-16F7-4668-BE54-9A1E7A4F7556}") = "NCA.Common.Domain", "NCA.Common\NCA.Common.Domain\NCA.Common.Domain.csproj", "{146FEDF1-0743-45B1-9DFA-AF7DBBA8AC4B}"
EndProject
Project("{9A19103F-16F7-4668-BE54-9A1E7A4F7556}") = "NCA.Common.Application", "NCA.Common\NCA.Common.Application\NCA.Common.Application.csproj", "{FAE9F6D8-5633-41C7-999D-308C67BAED9A}"
EndProject
Project("{9A19103F-16F7-4668-BE54-9A1E7A4F7556}") = "NCA.Common.Infrastructure", "NCA.Common\NCA.Common.Infrastructure\NCA.Common.Infrastructure.csproj", "{70A40703-A527-4F49-8C68-8C7426CB8BAB}"
EndProject
Project("{9A19103F-16F7-4668-BE54-9A1E7A4F7556}") = "NCA.Common.ApiRest", "NCA.Common\NCA.Common.ApiRest\NCA.Common.ApiRest.csproj", "{258FA28C-4AF4-485F-A726-CF4533E8B27B}"
EndProject
Project("{2150E333-8FDC-42A3-9474-1A3956D46DE8}") = "NCA.Common", "NCA.Common", "{E180AF5F-B333-4CD2-A1AB-561E02DD715F}"
EndProject
Project("{9A19103F-16F7-4668-BE54-9A1E7A4F7556}") = "NCA.Tracks.ApiRestCon", "NCA.Tracks\NCA.Tracks.ApiRestCon\NCA.Tracks.ApiRestCon.csproj", "{E11BF89A-CCBD-4B3B-BA8A-F57C97977C8A}"
EndProject
Project("{9A19103F-16F7-4668-BE54-9A1E7A4F7556}") = "NCA.Tracks.ApiRestMin", "NCA.Tracks\NCA.Tracks.ApiRestMin\NCA.Tracks.ApiRestMin.csproj", "{E5902B4C-EA20-4B97-A540-A58466669405}"
EndProject
Project("{9A19103F-16F7-4668-BE54-9A1E7A4F7556}") = "NCA.Common.Infrastructure.Log", "NCA.Common\NCA.Common.Infrastructure.Log\NCA.Common.Infrastructure.Log.csproj", "{6EC7E6CF-E499-4AD2-8EC2-91123D5D4434}"
EndProject
Project("{9A19103F-16F7-4668-BE54-9A1E7A4F7556}") = "NCA.Tracks.Tests.ApiRest.Functional", "NCA.Tracks\NCA.Tracks.Tests.ApiRest.Functional\NCA.Tracks.Tests.ApiRest.Functional.csproj", "{78AAF8DB-8816-4D02-A041-249CFB764815}"
EndProject
Project("{9A19103F-16F7-4668-BE54-9A1E7A4F7556}") = "NCA.Common.Scheduler", "NCA.Common\NCA.Common.Scheduler\NCA.Common.Scheduler.csproj", "{6B8E9EA4-E606-412B-99AB-AFD97173AB44}"
EndProject
Project("{2150E333-8FDC-42A3-9474-1A3956D46DE8}") = "NCA.Tracks", "NCA.Tracks", "{808B1CCB-8085-42FB-833D-60AB749852C4}"
EndProject
Project("{2150E333-8FDC-42A3-9474-1A3956D46DE8}") = "Solution Items", "Solution Items", "{640A4273-125D-4457-9B47-DDE56E508D49}"
	ProjectSection(SolutionItems) = preProject
		README.md = README.md
	EndProjectSection
EndProject
Project("{2150E333-8FDC-42A3-9474-1A3956D46DE8}") = "NCA.Gateway", "NCA.Gateway", "{0BC533B0-48C5-4971-8ECB-4142BFAE279C}"
EndProject
Project("{FAE04EC0-301F-11D3-BF4B-00C04F79EFBC}") = "NCA.Gateway", "NCA.Gateway\NCA.Gateway\NCA.Gateway.csproj", "{0D13DA5E-2E7E-4B4A-83F1-180C831A9F5D}"
EndProject
Global
	GlobalSection(SolutionConfigurationPlatforms) = preSolution
		Debug|Any CPU = Debug|Any CPU
		Release|Any CPU = Release|Any CPU
	EndGlobalSection
	GlobalSection(ProjectConfigurationPlatforms) = postSolution
		{A2CEF07A-7A28-43A3-A9FB-FB6DDDEFEC96}.Debug|Any CPU.ActiveCfg = Debug|Any CPU
		{A2CEF07A-7A28-43A3-A9FB-FB6DDDEFEC96}.Debug|Any CPU.Build.0 = Debug|Any CPU
		{A2CEF07A-7A28-43A3-A9FB-FB6DDDEFEC96}.Release|Any CPU.ActiveCfg = Release|Any CPU
		{A2CEF07A-7A28-43A3-A9FB-FB6DDDEFEC96}.Release|Any CPU.Build.0 = Release|Any CPU
		{F042825C-95AD-49DC-AE74-92D723EA4B53}.Debug|Any CPU.ActiveCfg = Debug|Any CPU
		{F042825C-95AD-49DC-AE74-92D723EA4B53}.Debug|Any CPU.Build.0 = Debug|Any CPU
		{F042825C-95AD-49DC-AE74-92D723EA4B53}.Release|Any CPU.ActiveCfg = Release|Any CPU
		{F042825C-95AD-49DC-AE74-92D723EA4B53}.Release|Any CPU.Build.0 = Release|Any CPU
		{C1217109-CE82-4729-A759-D220ACE2C5E8}.Debug|Any CPU.ActiveCfg = Debug|Any CPU
		{C1217109-CE82-4729-A759-D220ACE2C5E8}.Debug|Any CPU.Build.0 = Debug|Any CPU
		{C1217109-CE82-4729-A759-D220ACE2C5E8}.Release|Any CPU.ActiveCfg = Release|Any CPU
		{C1217109-CE82-4729-A759-D220ACE2C5E8}.Release|Any CPU.Build.0 = Release|Any CPU
		{146FEDF1-0743-45B1-9DFA-AF7DBBA8AC4B}.Debug|Any CPU.ActiveCfg = Debug|Any CPU
		{146FEDF1-0743-45B1-9DFA-AF7DBBA8AC4B}.Debug|Any CPU.Build.0 = Debug|Any CPU
		{146FEDF1-0743-45B1-9DFA-AF7DBBA8AC4B}.Release|Any CPU.ActiveCfg = Release|Any CPU
		{146FEDF1-0743-45B1-9DFA-AF7DBBA8AC4B}.Release|Any CPU.Build.0 = Release|Any CPU
		{FAE9F6D8-5633-41C7-999D-308C67BAED9A}.Debug|Any CPU.ActiveCfg = Debug|Any CPU
		{FAE9F6D8-5633-41C7-999D-308C67BAED9A}.Debug|Any CPU.Build.0 = Debug|Any CPU
		{FAE9F6D8-5633-41C7-999D-308C67BAED9A}.Release|Any CPU.ActiveCfg = Release|Any CPU
		{FAE9F6D8-5633-41C7-999D-308C67BAED9A}.Release|Any CPU.Build.0 = Release|Any CPU
		{70A40703-A527-4F49-8C68-8C7426CB8BAB}.Debug|Any CPU.ActiveCfg = Debug|Any CPU
		{70A40703-A527-4F49-8C68-8C7426CB8BAB}.Debug|Any CPU.Build.0 = Debug|Any CPU
		{70A40703-A527-4F49-8C68-8C7426CB8BAB}.Release|Any CPU.ActiveCfg = Release|Any CPU
		{70A40703-A527-4F49-8C68-8C7426CB8BAB}.Release|Any CPU.Build.0 = Release|Any CPU
		{258FA28C-4AF4-485F-A726-CF4533E8B27B}.Debug|Any CPU.ActiveCfg = Debug|Any CPU
		{258FA28C-4AF4-485F-A726-CF4533E8B27B}.Debug|Any CPU.Build.0 = Debug|Any CPU
		{258FA28C-4AF4-485F-A726-CF4533E8B27B}.Release|Any CPU.ActiveCfg = Release|Any CPU
		{258FA28C-4AF4-485F-A726-CF4533E8B27B}.Release|Any CPU.Build.0 = Release|Any CPU
		{E11BF89A-CCBD-4B3B-BA8A-F57C97977C8A}.Debug|Any CPU.ActiveCfg = Debug|Any CPU
		{E11BF89A-CCBD-4B3B-BA8A-F57C97977C8A}.Debug|Any CPU.Build.0 = Debug|Any CPU
		{E11BF89A-CCBD-4B3B-BA8A-F57C97977C8A}.Release|Any CPU.ActiveCfg = Release|Any CPU
		{E11BF89A-CCBD-4B3B-BA8A-F57C97977C8A}.Release|Any CPU.Build.0 = Release|Any CPU
		{E5902B4C-EA20-4B97-A540-A58466669405}.Debug|Any CPU.ActiveCfg = Debug|Any CPU
		{E5902B4C-EA20-4B97-A540-A58466669405}.Debug|Any CPU.Build.0 = Debug|Any CPU
		{E5902B4C-EA20-4B97-A540-A58466669405}.Release|Any CPU.ActiveCfg = Release|Any CPU
		{E5902B4C-EA20-4B97-A540-A58466669405}.Release|Any CPU.Build.0 = Release|Any CPU
		{6EC7E6CF-E499-4AD2-8EC2-91123D5D4434}.Debug|Any CPU.ActiveCfg = Debug|Any CPU
		{6EC7E6CF-E499-4AD2-8EC2-91123D5D4434}.Debug|Any CPU.Build.0 = Debug|Any CPU
		{6EC7E6CF-E499-4AD2-8EC2-91123D5D4434}.Release|Any CPU.ActiveCfg = Release|Any CPU
		{6EC7E6CF-E499-4AD2-8EC2-91123D5D4434}.Release|Any CPU.Build.0 = Release|Any CPU
		{78AAF8DB-8816-4D02-A041-249CFB764815}.Debug|Any CPU.ActiveCfg = Debug|Any CPU
		{78AAF8DB-8816-4D02-A041-249CFB764815}.Debug|Any CPU.Build.0 = Debug|Any CPU
		{78AAF8DB-8816-4D02-A041-249CFB764815}.Release|Any CPU.ActiveCfg = Release|Any CPU
		{78AAF8DB-8816-4D02-A041-249CFB764815}.Release|Any CPU.Build.0 = Release|Any CPU
		{6B8E9EA4-E606-412B-99AB-AFD97173AB44}.Debug|Any CPU.ActiveCfg = Debug|Any CPU
		{6B8E9EA4-E606-412B-99AB-AFD97173AB44}.Debug|Any CPU.Build.0 = Debug|Any CPU
		{6B8E9EA4-E606-412B-99AB-AFD97173AB44}.Release|Any CPU.ActiveCfg = Release|Any CPU
		{6B8E9EA4-E606-412B-99AB-AFD97173AB44}.Release|Any CPU.Build.0 = Release|Any CPU
		{0D13DA5E-2E7E-4B4A-83F1-180C831A9F5D}.Debug|Any CPU.ActiveCfg = Debug|Any CPU
		{0D13DA5E-2E7E-4B4A-83F1-180C831A9F5D}.Debug|Any CPU.Build.0 = Debug|Any CPU
		{0D13DA5E-2E7E-4B4A-83F1-180C831A9F5D}.Release|Any CPU.ActiveCfg = Release|Any CPU
		{0D13DA5E-2E7E-4B4A-83F1-180C831A9F5D}.Release|Any CPU.Build.0 = Release|Any CPU
	EndGlobalSection
	GlobalSection(SolutionProperties) = preSolution
		HideSolutionNode = FALSE
	EndGlobalSection
	GlobalSection(NestedProjects) = preSolution
		{A2CEF07A-7A28-43A3-A9FB-FB6DDDEFEC96} = {808B1CCB-8085-42FB-833D-60AB749852C4}
		{F042825C-95AD-49DC-AE74-92D723EA4B53} = {808B1CCB-8085-42FB-833D-60AB749852C4}
		{C1217109-CE82-4729-A759-D220ACE2C5E8} = {808B1CCB-8085-42FB-833D-60AB749852C4}
		{146FEDF1-0743-45B1-9DFA-AF7DBBA8AC4B} = {E180AF5F-B333-4CD2-A1AB-561E02DD715F}
		{FAE9F6D8-5633-41C7-999D-308C67BAED9A} = {E180AF5F-B333-4CD2-A1AB-561E02DD715F}
		{70A40703-A527-4F49-8C68-8C7426CB8BAB} = {E180AF5F-B333-4CD2-A1AB-561E02DD715F}
		{258FA28C-4AF4-485F-A726-CF4533E8B27B} = {E180AF5F-B333-4CD2-A1AB-561E02DD715F}
		{E11BF89A-CCBD-4B3B-BA8A-F57C97977C8A} = {808B1CCB-8085-42FB-833D-60AB749852C4}
		{E5902B4C-EA20-4B97-A540-A58466669405} = {808B1CCB-8085-42FB-833D-60AB749852C4}
		{6EC7E6CF-E499-4AD2-8EC2-91123D5D4434} = {E180AF5F-B333-4CD2-A1AB-561E02DD715F}
		{78AAF8DB-8816-4D02-A041-249CFB764815} = {808B1CCB-8085-42FB-833D-60AB749852C4}
		{6B8E9EA4-E606-412B-99AB-AFD97173AB44} = {E180AF5F-B333-4CD2-A1AB-561E02DD715F}
		{0D13DA5E-2E7E-4B4A-83F1-180C831A9F5D} = {0BC533B0-48C5-4971-8ECB-4142BFAE279C}
	EndGlobalSection
	GlobalSection(ExtensibilityGlobals) = postSolution
		SolutionGuid = {FFBEFE70-F009-4222-91A1-57B1D03AE293}
	EndGlobalSection
EndGlobal
